
Microsoft Visual Studio Solution File, Format Version 12.00
# Visual Studio Version 17
VisualStudioVersion = 17.2.32314.265
MinimumVisualStudioVersion = 10.0.40219.1
Project("{FAE04EC0-301F-11D3-BF4B-00C04F79EFBC}") = "MediaExplorer", "SaveSpartan\MediaExplorer.csproj", "{A5387CE5-3FAB-4B0A-93C3-9A936DB564C5}"
EndProject
Project("{FAE04EC0-301F-11D3-BF4B-00C04F79EFBC}") = "UnitedCodebase", "UnitedCodebase\UnitedCodebase.csproj", "{8C66A8D5-842A-40A4-943B-96FBBCE6358E}"
EndProject
Project("{FAE04EC0-301F-11D3-BF4B-00C04F79EFBC}") = "UnitedCodebase.WinRT", "UnitedCodebase.WinRT\UnitedCodebase.WinRT.csproj", "{BA5E3DF8-24C1-40DE-B3FF-3870C0F95B5B}"
EndProject
Global
	GlobalSection(SolutionConfigurationPlatforms) = preSolution
		Debug|Any CPU = Debug|Any CPU
		Debug|ARM = Debug|ARM
		Debug|ARM64 = Debug|ARM64
		Debug|x64 = Debug|x64
		Debug|x86 = Debug|x86
		Release|Any CPU = Release|Any CPU
		Release|ARM = Release|ARM
		Release|ARM64 = Release|ARM64
		Release|x64 = Release|x64
		Release|x86 = Release|x86
	EndGlobalSection
	GlobalSection(ProjectConfigurationPlatforms) = postSolution
		{A5387CE5-3FAB-4B0A-93C3-9A936DB564C5}.Debug|Any CPU.ActiveCfg = Debug|x64
		{A5387CE5-3FAB-4B0A-93C3-9A936DB564C5}.Debug|Any CPU.Build.0 = Debug|x64
		{A5387CE5-3FAB-4B0A-93C3-9A936DB564C5}.Debug|Any CPU.Deploy.0 = Debug|x64
		{A5387CE5-3FAB-4B0A-93C3-9A936DB564C5}.Debug|ARM.ActiveCfg = Debug|ARM
		{A5387CE5-3FAB-4B0A-93C3-9A936DB564C5}.Debug|ARM.Build.0 = Debug|ARM
		{A5387CE5-3FAB-4B0A-93C3-9A936DB564C5}.Debug|ARM.Deploy.0 = Debug|ARM
		{A5387CE5-3FAB-4B0A-93C3-9A936DB564C5}.Debug|ARM64.ActiveCfg = Debug|ARM64
		{A5387CE5-3FAB-4B0A-93C3-9A936DB564C5}.Debug|ARM64.Build.0 = Debug|ARM64
		{A5387CE5-3FAB-4B0A-93C3-9A936DB564C5}.Debug|ARM64.Deploy.0 = Debug|ARM64
		{A5387CE5-3FAB-4B0A-93C3-9A936DB564C5}.Debug|x64.ActiveCfg = Debug|x64
		{A5387CE5-3FAB-4B0A-93C3-9A936DB564C5}.Debug|x64.Build.0 = Debug|x64
		{A5387CE5-3FAB-4B0A-93C3-9A936DB564C5}.Debug|x64.Deploy.0 = Debug|x64
		{A5387CE5-3FAB-4B0A-93C3-9A936DB564C5}.Debug|x86.ActiveCfg = Debug|x86
		{A5387CE5-3FAB-4B0A-93C3-9A936DB564C5}.Debug|x86.Build.0 = Debug|x86
		{A5387CE5-3FAB-4B0A-93C3-9A936DB564C5}.Debug|x86.Deploy.0 = Debug|x86
		{A5387CE5-3FAB-4B0A-93C3-9A936DB564C5}.Release|Any CPU.ActiveCfg = Release|x64
		{A5387CE5-3FAB-4B0A-93C3-9A936DB564C5}.Release|Any CPU.Build.0 = Release|x64
		{A5387CE5-3FAB-4B0A-93C3-9A936DB564C5}.Release|Any CPU.Deploy.0 = Release|x64
		{A5387CE5-3FAB-4B0A-93C3-9A936DB564C5}.Release|ARM.ActiveCfg = Release|ARM
		{A5387CE5-3FAB-4B0A-93C3-9A936DB564C5}.Release|ARM.Build.0 = Release|ARM
		{A5387CE5-3FAB-4B0A-93C3-9A936DB564C5}.Release|ARM.Deploy.0 = Release|ARM
		{A5387CE5-3FAB-4B0A-93C3-9A936DB564C5}.Release|ARM64.ActiveCfg = Release|ARM64
		{A5387CE5-3FAB-4B0A-93C3-9A936DB564C5}.Release|ARM64.Build.0 = Release|ARM64
		{A5387CE5-3FAB-4B0A-93C3-9A936DB564C5}.Release|ARM64.Deploy.0 = Release|ARM64
		{A5387CE5-3FAB-4B0A-93C3-9A936DB564C5}.Release|x64.ActiveCfg = Release|x64
		{A5387CE5-3FAB-4B0A-93C3-9A936DB564C5}.Release|x64.Build.0 = Release|x64
		{A5387CE5-3FAB-4B0A-93C3-9A936DB564C5}.Release|x64.Deploy.0 = Release|x64
		{A5387CE5-3FAB-4B0A-93C3-9A936DB564C5}.Release|x86.ActiveCfg = Release|x86
		{A5387CE5-3FAB-4B0A-93C3-9A936DB564C5}.Release|x86.Build.0 = Release|x86
		{A5387CE5-3FAB-4B0A-93C3-9A936DB564C5}.Release|x86.Deploy.0 = Release|x86
		{8C66A8D5-842A-40A4-943B-96FBBCE6358E}.Debug|Any CPU.ActiveCfg = Debug|Any CPU
		{8C66A8D5-842A-40A4-943B-96FBBCE6358E}.Debug|Any CPU.Build.0 = Debug|Any CPU
		{8C66A8D5-842A-40A4-943B-96FBBCE6358E}.Debug|ARM.ActiveCfg = Debug|ARM
		{8C66A8D5-842A-40A4-943B-96FBBCE6358E}.Debug|ARM.Build.0 = Debug|ARM
		{8C66A8D5-842A-40A4-943B-96FBBCE6358E}.Debug|ARM64.ActiveCfg = Debug|ARM64
		{8C66A8D5-842A-40A4-943B-96FBBCE6358E}.Debug|ARM64.Build.0 = Debug|ARM64
		{8C66A8D5-842A-40A4-943B-96FBBCE6358E}.Debug|x64.ActiveCfg = Debug|x64
		{8C66A8D5-842A-40A4-943B-96FBBCE6358E}.Debug|x64.Build.0 = Debug|x64
		{8C66A8D5-842A-40A4-943B-96FBBCE6358E}.Debug|x86.ActiveCfg = Debug|x86
		{8C66A8D5-842A-40A4-943B-96FBBCE6358E}.Debug|x86.Build.0 = Debug|x86
		{8C66A8D5-842A-40A4-943B-96FBBCE6358E}.Release|Any CPU.ActiveCfg = Release|Any CPU
		{8C66A8D5-842A-40A4-943B-96FBBCE6358E}.Release|Any CPU.Build.0 = Release|Any CPU
		{8C66A8D5-842A-40A4-943B-96FBBCE6358E}.Release|ARM.ActiveCfg = Release|ARM
		{8C66A8D5-842A-40A4-943B-96FBBCE6358E}.Release|ARM.Build.0 = Release|ARM
		{8C66A8D5-842A-40A4-943B-96FBBCE6358E}.Release|ARM64.ActiveCfg = Release|ARM64
		{8C66A8D5-842A-40A4-943B-96FBBCE6358E}.Release|ARM64.Build.0 = Release|ARM64
		{8C66A8D5-842A-40A4-943B-96FBBCE6358E}.Release|x64.ActiveCfg = Release|x64
		{8C66A8D5-842A-40A4-943B-96FBBCE6358E}.Release|x64.Build.0 = Release|x64
		{8C66A8D5-842A-40A4-943B-96FBBCE6358E}.Release|x86.ActiveCfg = Release|x86
		{8C66A8D5-842A-40A4-943B-96FBBCE6358E}.Release|x86.Build.0 = Release|x86
		{BA5E3DF8-24C1-40DE-B3FF-3870C0F95B5B}.Debug|Any CPU.ActiveCfg = Debug|Any CPU
		{BA5E3DF8-24C1-40DE-B3FF-3870C0F95B5B}.Debug|Any CPU.Build.0 = Debug|Any CPU
		{BA5E3DF8-24C1-40DE-B3FF-3870C0F95B5B}.Debug|ARM.ActiveCfg = Debug|ARM
		{BA5E3DF8-24C1-40DE-B3FF-3870C0F95B5B}.Debug|ARM.Build.0 = Debug|ARM
		{BA5E3DF8-24C1-40DE-B3FF-3870C0F95B5B}.Debug|ARM64.ActiveCfg = Debug|ARM64
		{BA5E3DF8-24C1-40DE-B3FF-3870C0F95B5B}.Debug|ARM64.Build.0 = Debug|ARM64
		{BA5E3DF8-24C1-40DE-B3FF-3870C0F95B5B}.Debug|x64.ActiveCfg = Debug|x64
		{BA5E3DF8-24C1-40DE-B3FF-3870C0F95B5B}.Debug|x64.Build.0 = Debug|x64
		{BA5E3DF8-24C1-40DE-B3FF-3870C0F95B5B}.Debug|x86.ActiveCfg = Debug|x86
		{BA5E3DF8-24C1-40DE-B3FF-3870C0F95B5B}.Debug|x86.Build.0 = Debug|x86
		{BA5E3DF8-24C1-40DE-B3FF-3870C0F95B5B}.Release|Any CPU.ActiveCfg = Release|Any CPU
		{BA5E3DF8-24C1-40DE-B3FF-3870C0F95B5B}.Release|Any CPU.Build.0 = Release|Any CPU
		{BA5E3DF8-24C1-40DE-B3FF-3870C0F95B5B}.Release|ARM.ActiveCfg = Release|ARM
		{BA5E3DF8-24C1-40DE-B3FF-3870C0F95B5B}.Release|ARM.Build.0 = Release|ARM
		{BA5E3DF8-24C1-40DE-B3FF-3870C0F95B5B}.Release|ARM64.ActiveCfg = Release|ARM64
		{BA5E3DF8-24C1-40DE-B3FF-3870C0F95B5B}.Release|ARM64.Build.0 = Release|ARM64
		{BA5E3DF8-24C1-40DE-B3FF-3870C0F95B5B}.Release|x64.ActiveCfg = Release|x64
		{BA5E3DF8-24C1-40DE-B3FF-3870C0F95B5B}.Release|x64.Build.0 = Release|x64
		{BA5E3DF8-24C1-40DE-B3FF-3870C0F95B5B}.Release|x86.ActiveCfg = Release|x86
		{BA5E3DF8-24C1-40DE-B3FF-3870C0F95B5B}.Release|x86.Build.0 = Release|x86
	EndGlobalSection
	GlobalSection(SolutionProperties) = preSolution
		HideSolutionNode = FALSE
	EndGlobalSection
	GlobalSection(ExtensibilityGlobals) = postSolution
		SolutionGuid = {E07808E9-7826-49FE-B49C-AFA7E9F2AF0E}
	EndGlobalSection
EndGlobal
